
Microsoft Visual Studio Solution File, Format Version 12.00
# Visual Studio Version 16
VisualStudioVersion = 16.0.33027.164
MinimumVisualStudioVersion = 10.0.40219.1
Project("{FAE04EC0-301F-11D3-BF4B-00C04F79EFBC}") = "ornk202", "ornk202\ornk202.csproj", "{77345236-1FC9-4AB4-9D0D-A551C8B03F6C}"
EndProject
Global
	GlobalSection(SolutionConfigurationPlatforms) = preSolution
		Debug|Any CPU = Debug|Any CPU
		Release|Any CPU = Release|Any CPU
	EndGlobalSection
	GlobalSection(ProjectConfigurationPlatforms) = postSolution
		{77345236-1FC9-4AB4-9D0D-A551C8B03F6C}.Debug|Any CPU.ActiveCfg = Debug|Any CPU
		{77345236-1FC9-4AB4-9D0D-A551C8B03F6C}.Debug|Any CPU.Build.0 = Debug|Any CPU
		{77345236-1FC9-4AB4-9D0D-A551C8B03F6C}.Release|Any CPU.ActiveCfg = Release|Any CPU
		{77345236-1FC9-4AB4-9D0D-A551C8B03F6C}.Release|Any CPU.Build.0 = Release|Any CPU
	EndGlobalSection
	GlobalSection(SolutionProperties) = preSolution
		HideSolutionNode = FALSE
	EndGlobalSection
	GlobalSection(ExtensibilityGlobals) = postSolution
		SolutionGuid = {24CE6262-0255-4230-9786-AA0D826CF632}
	EndGlobalSection
EndGlobal
